
Microsoft Visual Studio Solution File, Format Version 12.00
# Visual Studio 14
VisualStudioVersion = 14.0.25420.1
MinimumVisualStudioVersion = 10.0.40219.1
Project("{FAE04EC0-301F-11D3-BF4B-00C04F79EFBC}") = "App2", "App2\App2\App2.csproj", "{A7532764-62F6-4C77-BF3B-F044A84A3C00}"
EndProject
Project("{FAE04EC0-301F-11D3-BF4B-00C04F79EFBC}") = "App2.Droid", "App2\App2.Droid\App2.Droid.csproj", "{FC111DB8-36C8-4ABD-B21D-AAF159243BD9}"
EndProject
Project("{FAE04EC0-301F-11D3-BF4B-00C04F79EFBC}") = "App2.iOS", "App2\App2.iOS\App2.iOS.csproj", "{62A6003C-C252-4F5D-BF57-ACBEDA7BA2F3}"
EndProject
Project("{FAE04EC0-301F-11D3-BF4B-00C04F79EFBC}") = "App2.WinPhone", "App2\App2.WinPhone\App2.WinPhone.csproj", "{44A0C918-AD1D-484C-83E4-E57C62EC768D}"
EndProject
Project("{FAE04EC0-301F-11D3-BF4B-00C04F79EFBC}") = "App2.UWP", "App2\App2.UWP\App2.UWP.csproj", "{1E1ABFD2-AFF6-4AED-9F01-FE400DAF96FE}"
EndProject
Project("{FAE04EC0-301F-11D3-BF4B-00C04F79EFBC}") = "App2.Windows", "App2\App2.Windows\App2.Windows.csproj", "{B137C2E5-F255-4E69-A9B9-57069984FE4E}"
EndProject
Global
	GlobalSection(SolutionConfigurationPlatforms) = preSolution
		Ad-Hoc|Any CPU = Ad-Hoc|Any CPU
		Ad-Hoc|ARM = Ad-Hoc|ARM
		Ad-Hoc|iPhone = Ad-Hoc|iPhone
		Ad-Hoc|iPhoneSimulator = Ad-Hoc|iPhoneSimulator
		Ad-Hoc|x64 = Ad-Hoc|x64
		Ad-Hoc|x86 = Ad-Hoc|x86
		AppStore|Any CPU = AppStore|Any CPU
		AppStore|ARM = AppStore|ARM
		AppStore|iPhone = AppStore|iPhone
		AppStore|iPhoneSimulator = AppStore|iPhoneSimulator
		AppStore|x64 = AppStore|x64
		AppStore|x86 = AppStore|x86
		Debug|Any CPU = Debug|Any CPU
		Debug|ARM = Debug|ARM
		Debug|iPhone = Debug|iPhone
		Debug|iPhoneSimulator = Debug|iPhoneSimulator
		Debug|x64 = Debug|x64
		Debug|x86 = Debug|x86
		Release|Any CPU = Release|Any CPU
		Release|ARM = Release|ARM
		Release|iPhone = Release|iPhone
		Release|iPhoneSimulator = Release|iPhoneSimulator
		Release|x64 = Release|x64
		Release|x86 = Release|x86
	EndGlobalSection
	GlobalSection(ProjectConfigurationPlatforms) = postSolution
		{A7532764-62F6-4C77-BF3B-F044A84A3C00}.Ad-Hoc|Any CPU.ActiveCfg = Release|Any CPU
		{A7532764-62F6-4C77-BF3B-F044A84A3C00}.Ad-Hoc|Any CPU.Build.0 = Release|Any CPU
		{A7532764-62F6-4C77-BF3B-F044A84A3C00}.Ad-Hoc|ARM.ActiveCfg = Release|Any CPU
		{A7532764-62F6-4C77-BF3B-F044A84A3C00}.Ad-Hoc|ARM.Build.0 = Release|Any CPU
		{A7532764-62F6-4C77-BF3B-F044A84A3C00}.Ad-Hoc|iPhone.ActiveCfg = Release|Any CPU
		{A7532764-62F6-4C77-BF3B-F044A84A3C00}.Ad-Hoc|iPhone.Build.0 = Release|Any CPU
		{A7532764-62F6-4C77-BF3B-F044A84A3C00}.Ad-Hoc|iPhoneSimulator.ActiveCfg = Release|Any CPU
		{A7532764-62F6-4C77-BF3B-F044A84A3C00}.Ad-Hoc|iPhoneSimulator.Build.0 = Release|Any CPU
		{A7532764-62F6-4C77-BF3B-F044A84A3C00}.Ad-Hoc|x64.ActiveCfg = Release|Any CPU
		{A7532764-62F6-4C77-BF3B-F044A84A3C00}.Ad-Hoc|x64.Build.0 = Release|Any CPU
		{A7532764-62F6-4C77-BF3B-F044A84A3C00}.Ad-Hoc|x86.ActiveCfg = Release|Any CPU
		{A7532764-62F6-4C77-BF3B-F044A84A3C00}.Ad-Hoc|x86.Build.0 = Release|Any CPU
		{A7532764-62F6-4C77-BF3B-F044A84A3C00}.AppStore|Any CPU.ActiveCfg = Release|Any CPU
		{A7532764-62F6-4C77-BF3B-F044A84A3C00}.AppStore|Any CPU.Build.0 = Release|Any CPU
		{A7532764-62F6-4C77-BF3B-F044A84A3C00}.AppStore|ARM.ActiveCfg = Release|Any CPU
		{A7532764-62F6-4C77-BF3B-F044A84A3C00}.AppStore|ARM.Build.0 = Release|Any CPU
		{A7532764-62F6-4C77-BF3B-F044A84A3C00}.AppStore|iPhone.ActiveCfg = Release|Any CPU
		{A7532764-62F6-4C77-BF3B-F044A84A3C00}.AppStore|iPhone.Build.0 = Release|Any CPU
		{A7532764-62F6-4C77-BF3B-F044A84A3C00}.AppStore|iPhoneSimulator.ActiveCfg = Release|Any CPU
		{A7532764-62F6-4C77-BF3B-F044A84A3C00}.AppStore|iPhoneSimulator.Build.0 = Release|Any CPU
		{A7532764-62F6-4C77-BF3B-F044A84A3C00}.AppStore|x64.ActiveCfg = Release|Any CPU
		{A7532764-62F6-4C77-BF3B-F044A84A3C00}.AppStore|x64.Build.0 = Release|Any CPU
		{A7532764-62F6-4C77-BF3B-F044A84A3C00}.AppStore|x86.ActiveCfg = Release|Any CPU
		{A7532764-62F6-4C77-BF3B-F044A84A3C00}.AppStore|x86.Build.0 = Release|Any CPU
		{A7532764-62F6-4C77-BF3B-F044A84A3C00}.Debug|Any CPU.ActiveCfg = Debug|Any CPU
		{A7532764-62F6-4C77-BF3B-F044A84A3C00}.Debug|Any CPU.Build.0 = Debug|Any CPU
		{A7532764-62F6-4C77-BF3B-F044A84A3C00}.Debug|ARM.ActiveCfg = Debug|Any CPU
		{A7532764-62F6-4C77-BF3B-F044A84A3C00}.Debug|ARM.Build.0 = Debug|Any CPU
		{A7532764-62F6-4C77-BF3B-F044A84A3C00}.Debug|iPhone.ActiveCfg = Debug|Any CPU
		{A7532764-62F6-4C77-BF3B-F044A84A3C00}.Debug|iPhone.Build.0 = Debug|Any CPU
		{A7532764-62F6-4C77-BF3B-F044A84A3C00}.Debug|iPhoneSimulator.ActiveCfg = Debug|Any CPU
		{A7532764-62F6-4C77-BF3B-F044A84A3C00}.Debug|iPhoneSimulator.Build.0 = Debug|Any CPU
		{A7532764-62F6-4C77-BF3B-F044A84A3C00}.Debug|x64.ActiveCfg = Debug|Any CPU
		{A7532764-62F6-4C77-BF3B-F044A84A3C00}.Debug|x64.Build.0 = Debug|Any CPU
		{A7532764-62F6-4C77-BF3B-F044A84A3C00}.Debug|x86.ActiveCfg = Debug|Any CPU
		{A7532764-62F6-4C77-BF3B-F044A84A3C00}.Debug|x86.Build.0 = Debug|Any CPU
		{A7532764-62F6-4C77-BF3B-F044A84A3C00}.Release|Any CPU.ActiveCfg = Release|Any CPU
		{A7532764-62F6-4C77-BF3B-F044A84A3C00}.Release|Any CPU.Build.0 = Release|Any CPU
		{A7532764-62F6-4C77-BF3B-F044A84A3C00}.Release|ARM.ActiveCfg = Release|Any CPU
		{A7532764-62F6-4C77-BF3B-F044A84A3C00}.Release|ARM.Build.0 = Release|Any CPU
		{A7532764-62F6-4C77-BF3B-F044A84A3C00}.Release|iPhone.ActiveCfg = Release|Any CPU
		{A7532764-62F6-4C77-BF3B-F044A84A3C00}.Release|iPhone.Build.0 = Release|Any CPU
		{A7532764-62F6-4C77-BF3B-F044A84A3C00}.Release|iPhoneSimulator.ActiveCfg = Release|Any CPU
		{A7532764-62F6-4C77-BF3B-F044A84A3C00}.Release|iPhoneSimulator.Build.0 = Release|Any CPU
		{A7532764-62F6-4C77-BF3B-F044A84A3C00}.Release|x64.ActiveCfg = Release|Any CPU
		{A7532764-62F6-4C77-BF3B-F044A84A3C00}.Release|x64.Build.0 = Release|Any CPU
		{A7532764-62F6-4C77-BF3B-F044A84A3C00}.Release|x86.ActiveCfg = Release|Any CPU
		{A7532764-62F6-4C77-BF3B-F044A84A3C00}.Release|x86.Build.0 = Release|Any CPU
		{FC111DB8-36C8-4ABD-B21D-AAF159243BD9}.Ad-Hoc|Any CPU.ActiveCfg = Release|Any CPU
		{FC111DB8-36C8-4ABD-B21D-AAF159243BD9}.Ad-Hoc|Any CPU.Build.0 = Release|Any CPU
		{FC111DB8-36C8-4ABD-B21D-AAF159243BD9}.Ad-Hoc|Any CPU.Deploy.0 = Release|Any CPU
		{FC111DB8-36C8-4ABD-B21D-AAF159243BD9}.Ad-Hoc|ARM.ActiveCfg = Release|Any CPU
		{FC111DB8-36C8-4ABD-B21D-AAF159243BD9}.Ad-Hoc|ARM.Build.0 = Release|Any CPU
		{FC111DB8-36C8-4ABD-B21D-AAF159243BD9}.Ad-Hoc|ARM.Deploy.0 = Release|Any CPU
		{FC111DB8-36C8-4ABD-B21D-AAF159243BD9}.Ad-Hoc|iPhone.ActiveCfg = Release|Any CPU
		{FC111DB8-36C8-4ABD-B21D-AAF159243BD9}.Ad-Hoc|iPhone.Build.0 = Release|Any CPU
		{FC111DB8-36C8-4ABD-B21D-AAF159243BD9}.Ad-Hoc|iPhone.Deploy.0 = Release|Any CPU
		{FC111DB8-36C8-4ABD-B21D-AAF159243BD9}.Ad-Hoc|iPhoneSimulator.ActiveCfg = Release|Any CPU
		{FC111DB8-36C8-4ABD-B21D-AAF159243BD9}.Ad-Hoc|iPhoneSimulator.Build.0 = Release|Any CPU
		{FC111DB8-36C8-4ABD-B21D-AAF159243BD9}.Ad-Hoc|iPhoneSimulator.Deploy.0 = Release|Any CPU
		{FC111DB8-36C8-4ABD-B21D-AAF159243BD9}.Ad-Hoc|x64.ActiveCfg = Release|Any CPU
		{FC111DB8-36C8-4ABD-B21D-AAF159243BD9}.Ad-Hoc|x64.Build.0 = Release|Any CPU
		{FC111DB8-36C8-4ABD-B21D-AAF159243BD9}.Ad-Hoc|x64.Deploy.0 = Release|Any CPU
		{FC111DB8-36C8-4ABD-B21D-AAF159243BD9}.Ad-Hoc|x86.ActiveCfg = Release|Any CPU
		{FC111DB8-36C8-4ABD-B21D-AAF159243BD9}.Ad-Hoc|x86.Build.0 = Release|Any CPU
		{FC111DB8-36C8-4ABD-B21D-AAF159243BD9}.Ad-Hoc|x86.Deploy.0 = Release|Any CPU
		{FC111DB8-36C8-4ABD-B21D-AAF159243BD9}.AppStore|Any CPU.ActiveCfg = Release|Any CPU
		{FC111DB8-36C8-4ABD-B21D-AAF159243BD9}.AppStore|Any CPU.Build.0 = Release|Any CPU
		{FC111DB8-36C8-4ABD-B21D-AAF159243BD9}.AppStore|Any CPU.Deploy.0 = Release|Any CPU
		{FC111DB8-36C8-4ABD-B21D-AAF159243BD9}.AppStore|ARM.ActiveCfg = Release|Any CPU
		{FC111DB8-36C8-4ABD-B21D-AAF159243BD9}.AppStore|ARM.Build.0 = Release|Any CPU
		{FC111DB8-36C8-4ABD-B21D-AAF159243BD9}.AppStore|ARM.Deploy.0 = Release|Any CPU
		{FC111DB8-36C8-4ABD-B21D-AAF159243BD9}.AppStore|iPhone.ActiveCfg = Release|Any CPU
		{FC111DB8-36C8-4ABD-B21D-AAF159243BD9}.AppStore|iPhone.Build.0 = Release|Any CPU
		{FC111DB8-36C8-4ABD-B21D-AAF159243BD9}.AppStore|iPhone.Deploy.0 = Release|Any CPU
		{FC111DB8-36C8-4ABD-B21D-AAF159243BD9}.AppStore|iPhoneSimulator.ActiveCfg = Release|Any CPU
		{FC111DB8-36C8-4ABD-B21D-AAF159243BD9}.AppStore|iPhoneSimulator.Build.0 = Release|Any CPU
		{FC111DB8-36C8-4ABD-B21D-AAF159243BD9}.AppStore|iPhoneSimulator.Deploy.0 = Release|Any CPU
		{FC111DB8-36C8-4ABD-B21D-AAF159243BD9}.AppStore|x64.ActiveCfg = Release|Any CPU
		{FC111DB8-36C8-4ABD-B21D-AAF159243BD9}.AppStore|x64.Build.0 = Release|Any CPU
		{FC111DB8-36C8-4ABD-B21D-AAF159243BD9}.AppStore|x64.Deploy.0 = Release|Any CPU
		{FC111DB8-36C8-4ABD-B21D-AAF159243BD9}.AppStore|x86.ActiveCfg = Release|Any CPU
		{FC111DB8-36C8-4ABD-B21D-AAF159243BD9}.AppStore|x86.Build.0 = Release|Any CPU
		{FC111DB8-36C8-4ABD-B21D-AAF159243BD9}.AppStore|x86.Deploy.0 = Release|Any CPU
		{FC111DB8-36C8-4ABD-B21D-AAF159243BD9}.Debug|Any CPU.ActiveCfg = Debug|Any CPU
		{FC111DB8-36C8-4ABD-B21D-AAF159243BD9}.Debug|Any CPU.Build.0 = Debug|Any CPU
		{FC111DB8-36C8-4ABD-B21D-AAF159243BD9}.Debug|Any CPU.Deploy.0 = Debug|Any CPU
		{FC111DB8-36C8-4ABD-B21D-AAF159243BD9}.Debug|ARM.ActiveCfg = Debug|Any CPU
		{FC111DB8-36C8-4ABD-B21D-AAF159243BD9}.Debug|ARM.Build.0 = Debug|Any CPU
		{FC111DB8-36C8-4ABD-B21D-AAF159243BD9}.Debug|ARM.Deploy.0 = Debug|Any CPU
		{FC111DB8-36C8-4ABD-B21D-AAF159243BD9}.Debug|iPhone.ActiveCfg = Debug|Any CPU
		{FC111DB8-36C8-4ABD-B21D-AAF159243BD9}.Debug|iPhone.Build.0 = Debug|Any CPU
		{FC111DB8-36C8-4ABD-B21D-AAF159243BD9}.Debug|iPhone.Deploy.0 = Debug|Any CPU
		{FC111DB8-36C8-4ABD-B21D-AAF159243BD9}.Debug|iPhoneSimulator.ActiveCfg = Debug|Any CPU
		{FC111DB8-36C8-4ABD-B21D-AAF159243BD9}.Debug|iPhoneSimulator.Build.0 = Debug|Any CPU
		{FC111DB8-36C8-4ABD-B21D-AAF159243BD9}.Debug|iPhoneSimulator.Deploy.0 = Debug|Any CPU
		{FC111DB8-36C8-4ABD-B21D-AAF159243BD9}.Debug|x64.ActiveCfg = Debug|Any CPU
		{FC111DB8-36C8-4ABD-B21D-AAF159243BD9}.Debug|x64.Build.0 = Debug|Any CPU
		{FC111DB8-36C8-4ABD-B21D-AAF159243BD9}.Debug|x64.Deploy.0 = Debug|Any CPU
		{FC111DB8-36C8-4ABD-B21D-AAF159243BD9}.Debug|x86.ActiveCfg = Debug|Any CPU
		{FC111DB8-36C8-4ABD-B21D-AAF159243BD9}.Debug|x86.Build.0 = Debug|Any CPU
		{FC111DB8-36C8-4ABD-B21D-AAF159243BD9}.Debug|x86.Deploy.0 = Debug|Any CPU
		{FC111DB8-36C8-4ABD-B21D-AAF159243BD9}.Release|Any CPU.ActiveCfg = Release|Any CPU
		{FC111DB8-36C8-4ABD-B21D-AAF159243BD9}.Release|Any CPU.Build.0 = Release|Any CPU
		{FC111DB8-36C8-4ABD-B21D-AAF159243BD9}.Release|Any CPU.Deploy.0 = Release|Any CPU
		{FC111DB8-36C8-4ABD-B21D-AAF159243BD9}.Release|ARM.ActiveCfg = Release|Any CPU
		{FC111DB8-36C8-4ABD-B21D-AAF159243BD9}.Release|ARM.Build.0 = Release|Any CPU
		{FC111DB8-36C8-4ABD-B21D-AAF159243BD9}.Release|ARM.Deploy.0 = Release|Any CPU
		{FC111DB8-36C8-4ABD-B21D-AAF159243BD9}.Release|iPhone.ActiveCfg = Release|Any CPU
		{FC111DB8-36C8-4ABD-B21D-AAF159243BD9}.Release|iPhone.Build.0 = Release|Any CPU
		{FC111DB8-36C8-4ABD-B21D-AAF159243BD9}.Release|iPhone.Deploy.0 = Release|Any CPU
		{FC111DB8-36C8-4ABD-B21D-AAF159243BD9}.Release|iPhoneSimulator.ActiveCfg = Release|Any CPU
		{FC111DB8-36C8-4ABD-B21D-AAF159243BD9}.Release|iPhoneSimulator.Build.0 = Release|Any CPU
		{FC111DB8-36C8-4ABD-B21D-AAF159243BD9}.Release|iPhoneSimulator.Deploy.0 = Release|Any CPU
		{FC111DB8-36C8-4ABD-B21D-AAF159243BD9}.Release|x64.ActiveCfg = Release|Any CPU
		{FC111DB8-36C8-4ABD-B21D-AAF159243BD9}.Release|x64.Build.0 = Release|Any CPU
		{FC111DB8-36C8-4ABD-B21D-AAF159243BD9}.Release|x64.Deploy.0 = Release|Any CPU
		{FC111DB8-36C8-4ABD-B21D-AAF159243BD9}.Release|x86.ActiveCfg = Release|Any CPU
		{FC111DB8-36C8-4ABD-B21D-AAF159243BD9}.Release|x86.Build.0 = Release|Any CPU
		{FC111DB8-36C8-4ABD-B21D-AAF159243BD9}.Release|x86.Deploy.0 = Release|Any CPU
		{62A6003C-C252-4F5D-BF57-ACBEDA7BA2F3}.Ad-Hoc|Any CPU.ActiveCfg = Ad-Hoc|iPhone
		{62A6003C-C252-4F5D-BF57-ACBEDA7BA2F3}.Ad-Hoc|ARM.ActiveCfg = Ad-Hoc|iPhone
		{62A6003C-C252-4F5D-BF57-ACBEDA7BA2F3}.Ad-Hoc|iPhone.ActiveCfg = Ad-Hoc|iPhone
		{62A6003C-C252-4F5D-BF57-ACBEDA7BA2F3}.Ad-Hoc|iPhone.Build.0 = Ad-Hoc|iPhone
		{62A6003C-C252-4F5D-BF57-ACBEDA7BA2F3}.Ad-Hoc|iPhoneSimulator.ActiveCfg = Ad-Hoc|iPhoneSimulator
		{62A6003C-C252-4F5D-BF57-ACBEDA7BA2F3}.Ad-Hoc|iPhoneSimulator.Build.0 = Ad-Hoc|iPhoneSimulator
		{62A6003C-C252-4F5D-BF57-ACBEDA7BA2F3}.Ad-Hoc|x64.ActiveCfg = Ad-Hoc|iPhone
		{62A6003C-C252-4F5D-BF57-ACBEDA7BA2F3}.Ad-Hoc|x86.ActiveCfg = Ad-Hoc|iPhone
		{62A6003C-C252-4F5D-BF57-ACBEDA7BA2F3}.AppStore|Any CPU.ActiveCfg = AppStore|iPhone
		{62A6003C-C252-4F5D-BF57-ACBEDA7BA2F3}.AppStore|ARM.ActiveCfg = AppStore|iPhone
		{62A6003C-C252-4F5D-BF57-ACBEDA7BA2F3}.AppStore|iPhone.ActiveCfg = AppStore|iPhone
		{62A6003C-C252-4F5D-BF57-ACBEDA7BA2F3}.AppStore|iPhone.Build.0 = AppStore|iPhone
		{62A6003C-C252-4F5D-BF57-ACBEDA7BA2F3}.AppStore|iPhoneSimulator.ActiveCfg = AppStore|iPhoneSimulator
		{62A6003C-C252-4F5D-BF57-ACBEDA7BA2F3}.AppStore|iPhoneSimulator.Build.0 = AppStore|iPhoneSimulator
		{62A6003C-C252-4F5D-BF57-ACBEDA7BA2F3}.AppStore|x64.ActiveCfg = AppStore|iPhone
		{62A6003C-C252-4F5D-BF57-ACBEDA7BA2F3}.AppStore|x86.ActiveCfg = AppStore|iPhone
		{62A6003C-C252-4F5D-BF57-ACBEDA7BA2F3}.Debug|Any CPU.ActiveCfg = Debug|iPhone
		{62A6003C-C252-4F5D-BF57-ACBEDA7BA2F3}.Debug|ARM.ActiveCfg = Debug|iPhone
		{62A6003C-C252-4F5D-BF57-ACBEDA7BA2F3}.Debug|iPhone.ActiveCfg = Debug|iPhone
		{62A6003C-C252-4F5D-BF57-ACBEDA7BA2F3}.Debug|iPhone.Build.0 = Debug|iPhone
		{62A6003C-C252-4F5D-BF57-ACBEDA7BA2F3}.Debug|iPhoneSimulator.ActiveCfg = Debug|iPhoneSimulator
		{62A6003C-C252-4F5D-BF57-ACBEDA7BA2F3}.Debug|iPhoneSimulator.Build.0 = Debug|iPhoneSimulator
		{62A6003C-C252-4F5D-BF57-ACBEDA7BA2F3}.Debug|x64.ActiveCfg = Debug|iPhone
		{62A6003C-C252-4F5D-BF57-ACBEDA7BA2F3}.Debug|x86.ActiveCfg = Debug|iPhone
		{62A6003C-C252-4F5D-BF57-ACBEDA7BA2F3}.Release|Any CPU.ActiveCfg = Release|iPhone
		{62A6003C-C252-4F5D-BF57-ACBEDA7BA2F3}.Release|ARM.ActiveCfg = Release|iPhone
		{62A6003C-C252-4F5D-BF57-ACBEDA7BA2F3}.Release|iPhone.ActiveCfg = Release|iPhone
		{62A6003C-C252-4F5D-BF57-ACBEDA7BA2F3}.Release|iPhone.Build.0 = Release|iPhone
		{62A6003C-C252-4F5D-BF57-ACBEDA7BA2F3}.Release|iPhoneSimulator.ActiveCfg = Release|iPhoneSimulator
		{62A6003C-C252-4F5D-BF57-ACBEDA7BA2F3}.Release|iPhoneSimulator.Build.0 = Release|iPhoneSimulator
		{62A6003C-C252-4F5D-BF57-ACBEDA7BA2F3}.Release|x64.ActiveCfg = Release|iPhone
		{62A6003C-C252-4F5D-BF57-ACBEDA7BA2F3}.Release|x86.ActiveCfg = Release|iPhone
		{44A0C918-AD1D-484C-83E4-E57C62EC768D}.Ad-Hoc|Any CPU.ActiveCfg = Release|Any CPU
		{44A0C918-AD1D-484C-83E4-E57C62EC768D}.Ad-Hoc|Any CPU.Build.0 = Release|Any CPU
		{44A0C918-AD1D-484C-83E4-E57C62EC768D}.Ad-Hoc|Any CPU.Deploy.0 = Release|Any CPU
		{44A0C918-AD1D-484C-83E4-E57C62EC768D}.Ad-Hoc|ARM.ActiveCfg = Release|ARM
		{44A0C918-AD1D-484C-83E4-E57C62EC768D}.Ad-Hoc|ARM.Build.0 = Release|ARM
		{44A0C918-AD1D-484C-83E4-E57C62EC768D}.Ad-Hoc|ARM.Deploy.0 = Release|ARM
		{44A0C918-AD1D-484C-83E4-E57C62EC768D}.Ad-Hoc|iPhone.ActiveCfg = Release|Any CPU
		{44A0C918-AD1D-484C-83E4-E57C62EC768D}.Ad-Hoc|iPhone.Build.0 = Release|Any CPU
		{44A0C918-AD1D-484C-83E4-E57C62EC768D}.Ad-Hoc|iPhone.Deploy.0 = Release|Any CPU
		{44A0C918-AD1D-484C-83E4-E57C62EC768D}.Ad-Hoc|iPhoneSimulator.ActiveCfg = Release|Any CPU
		{44A0C918-AD1D-484C-83E4-E57C62EC768D}.Ad-Hoc|iPhoneSimulator.Build.0 = Release|Any CPU
		{44A0C918-AD1D-484C-83E4-E57C62EC768D}.Ad-Hoc|iPhoneSimulator.Deploy.0 = Release|Any CPU
		{44A0C918-AD1D-484C-83E4-E57C62EC768D}.Ad-Hoc|x64.ActiveCfg = Release|Any CPU
		{44A0C918-AD1D-484C-83E4-E57C62EC768D}.Ad-Hoc|x64.Build.0 = Release|Any CPU
		{44A0C918-AD1D-484C-83E4-E57C62EC768D}.Ad-Hoc|x64.Deploy.0 = Release|Any CPU
		{44A0C918-AD1D-484C-83E4-E57C62EC768D}.Ad-Hoc|x86.ActiveCfg = Release|x86
		{44A0C918-AD1D-484C-83E4-E57C62EC768D}.Ad-Hoc|x86.Build.0 = Release|x86
		{44A0C918-AD1D-484C-83E4-E57C62EC768D}.Ad-Hoc|x86.Deploy.0 = Release|x86
		{44A0C918-AD1D-484C-83E4-E57C62EC768D}.AppStore|Any CPU.ActiveCfg = Release|Any CPU
		{44A0C918-AD1D-484C-83E4-E57C62EC768D}.AppStore|Any CPU.Build.0 = Release|Any CPU
		{44A0C918-AD1D-484C-83E4-E57C62EC768D}.AppStore|Any CPU.Deploy.0 = Release|Any CPU
		{44A0C918-AD1D-484C-83E4-E57C62EC768D}.AppStore|ARM.ActiveCfg = Release|ARM
		{44A0C918-AD1D-484C-83E4-E57C62EC768D}.AppStore|ARM.Build.0 = Release|ARM
		{44A0C918-AD1D-484C-83E4-E57C62EC768D}.AppStore|ARM.Deploy.0 = Release|ARM
		{44A0C918-AD1D-484C-83E4-E57C62EC768D}.AppStore|iPhone.ActiveCfg = Release|Any CPU
		{44A0C918-AD1D-484C-83E4-E57C62EC768D}.AppStore|iPhone.Build.0 = Release|Any CPU
		{44A0C918-AD1D-484C-83E4-E57C62EC768D}.AppStore|iPhone.Deploy.0 = Release|Any CPU
		{44A0C918-AD1D-484C-83E4-E57C62EC768D}.AppStore|iPhoneSimulator.ActiveCfg = Release|Any CPU
		{44A0C918-AD1D-484C-83E4-E57C62EC768D}.AppStore|iPhoneSimulator.Build.0 = Release|Any CPU
		{44A0C918-AD1D-484C-83E4-E57C62EC768D}.AppStore|iPhoneSimulator.Deploy.0 = Release|Any CPU
		{44A0C918-AD1D-484C-83E4-E57C62EC768D}.AppStore|x64.ActiveCfg = Release|Any CPU
		{44A0C918-AD1D-484C-83E4-E57C62EC768D}.AppStore|x64.Build.0 = Release|Any CPU
		{44A0C918-AD1D-484C-83E4-E57C62EC768D}.AppStore|x64.Deploy.0 = Release|Any CPU
		{44A0C918-AD1D-484C-83E4-E57C62EC768D}.AppStore|x86.ActiveCfg = Release|x86
		{44A0C918-AD1D-484C-83E4-E57C62EC768D}.AppStore|x86.Build.0 = Release|x86
		{44A0C918-AD1D-484C-83E4-E57C62EC768D}.AppStore|x86.Deploy.0 = Release|x86
		{44A0C918-AD1D-484C-83E4-E57C62EC768D}.Debug|Any CPU.ActiveCfg = Debug|Any CPU
		{44A0C918-AD1D-484C-83E4-E57C62EC768D}.Debug|Any CPU.Build.0 = Debug|Any CPU
		{44A0C918-AD1D-484C-83E4-E57C62EC768D}.Debug|Any CPU.Deploy.0 = Debug|Any CPU
		{44A0C918-AD1D-484C-83E4-E57C62EC768D}.Debug|ARM.ActiveCfg = Debug|ARM
		{44A0C918-AD1D-484C-83E4-E57C62EC768D}.Debug|ARM.Build.0 = Debug|ARM
		{44A0C918-AD1D-484C-83E4-E57C62EC768D}.Debug|ARM.Deploy.0 = Debug|ARM
		{44A0C918-AD1D-484C-83E4-E57C62EC768D}.Debug|iPhone.ActiveCfg = Debug|Any CPU
		{44A0C918-AD1D-484C-83E4-E57C62EC768D}.Debug|iPhone.Build.0 = Debug|Any CPU
		{44A0C918-AD1D-484C-83E4-E57C62EC768D}.Debug|iPhone.Deploy.0 = Debug|Any CPU
		{44A0C918-AD1D-484C-83E4-E57C62EC768D}.Debug|iPhoneSimulator.ActiveCfg = Debug|Any CPU
		{44A0C918-AD1D-484C-83E4-E57C62EC768D}.Debug|iPhoneSimulator.Build.0 = Debug|Any CPU
		{44A0C918-AD1D-484C-83E4-E57C62EC768D}.Debug|iPhoneSimulator.Deploy.0 = Debug|Any CPU
		{44A0C918-AD1D-484C-83E4-E57C62EC768D}.Debug|x64.ActiveCfg = Debug|Any CPU
		{44A0C918-AD1D-484C-83E4-E57C62EC768D}.Debug|x64.Build.0 = Debug|Any CPU
		{44A0C918-AD1D-484C-83E4-E57C62EC768D}.Debug|x64.Deploy.0 = Debug|Any CPU
		{44A0C918-AD1D-484C-83E4-E57C62EC768D}.Debug|x86.ActiveCfg = Debug|x86
		{44A0C918-AD1D-484C-83E4-E57C62EC768D}.Debug|x86.Build.0 = Debug|x86
		{44A0C918-AD1D-484C-83E4-E57C62EC768D}.Debug|x86.Deploy.0 = Debug|x86
		{44A0C918-AD1D-484C-83E4-E57C62EC768D}.Release|Any CPU.ActiveCfg = Release|Any CPU
		{44A0C918-AD1D-484C-83E4-E57C62EC768D}.Release|Any CPU.Build.0 = Release|Any CPU
		{44A0C918-AD1D-484C-83E4-E57C62EC768D}.Release|Any CPU.Deploy.0 = Release|Any CPU
		{44A0C918-AD1D-484C-83E4-E57C62EC768D}.Release|ARM.ActiveCfg = Release|ARM
		{44A0C918-AD1D-484C-83E4-E57C62EC768D}.Release|ARM.Build.0 = Release|ARM
		{44A0C918-AD1D-484C-83E4-E57C62EC768D}.Release|ARM.Deploy.0 = Release|ARM
		{44A0C918-AD1D-484C-83E4-E57C62EC768D}.Release|iPhone.ActiveCfg = Release|Any CPU
		{44A0C918-AD1D-484C-83E4-E57C62EC768D}.Release|iPhone.Build.0 = Release|Any CPU
		{44A0C918-AD1D-484C-83E4-E57C62EC768D}.Release|iPhone.Deploy.0 = Release|Any CPU
		{44A0C918-AD1D-484C-83E4-E57C62EC768D}.Release|iPhoneSimulator.ActiveCfg = Release|Any CPU
		{44A0C918-AD1D-484C-83E4-E57C62EC768D}.Release|iPhoneSimulator.Build.0 = Release|Any CPU
		{44A0C918-AD1D-484C-83E4-E57C62EC768D}.Release|iPhoneSimulator.Deploy.0 = Release|Any CPU
		{44A0C918-AD1D-484C-83E4-E57C62EC768D}.Release|x64.ActiveCfg = Release|Any CPU
		{44A0C918-AD1D-484C-83E4-E57C62EC768D}.Release|x64.Build.0 = Release|Any CPU
		{44A0C918-AD1D-484C-83E4-E57C62EC768D}.Release|x64.Deploy.0 = Release|Any CPU
		{44A0C918-AD1D-484C-83E4-E57C62EC768D}.Release|x86.ActiveCfg = Release|x86
		{44A0C918-AD1D-484C-83E4-E57C62EC768D}.Release|x86.Build.0 = Release|x86
		{44A0C918-AD1D-484C-83E4-E57C62EC768D}.Release|x86.Deploy.0 = Release|x86
		{1E1ABFD2-AFF6-4AED-9F01-FE400DAF96FE}.Ad-Hoc|Any CPU.ActiveCfg = Release|x86
		{1E1ABFD2-AFF6-4AED-9F01-FE400DAF96FE}.Ad-Hoc|Any CPU.Build.0 = Release|x86
		{1E1ABFD2-AFF6-4AED-9F01-FE400DAF96FE}.Ad-Hoc|Any CPU.Deploy.0 = Release|x86
		{1E1ABFD2-AFF6-4AED-9F01-FE400DAF96FE}.Ad-Hoc|ARM.ActiveCfg = Release|ARM
		{1E1ABFD2-AFF6-4AED-9F01-FE400DAF96FE}.Ad-Hoc|ARM.Build.0 = Release|ARM
		{1E1ABFD2-AFF6-4AED-9F01-FE400DAF96FE}.Ad-Hoc|ARM.Deploy.0 = Release|ARM
		{1E1ABFD2-AFF6-4AED-9F01-FE400DAF96FE}.Ad-Hoc|iPhone.ActiveCfg = Release|x86
		{1E1ABFD2-AFF6-4AED-9F01-FE400DAF96FE}.Ad-Hoc|iPhone.Build.0 = Release|x86
		{1E1ABFD2-AFF6-4AED-9F01-FE400DAF96FE}.Ad-Hoc|iPhone.Deploy.0 = Release|x86
		{1E1ABFD2-AFF6-4AED-9F01-FE400DAF96FE}.Ad-Hoc|iPhoneSimulator.ActiveCfg = Release|x86
		{1E1ABFD2-AFF6-4AED-9F01-FE400DAF96FE}.Ad-Hoc|iPhoneSimulator.Build.0 = Release|x86
		{1E1ABFD2-AFF6-4AED-9F01-FE400DAF96FE}.Ad-Hoc|iPhoneSimulator.Deploy.0 = Release|x86
		{1E1ABFD2-AFF6-4AED-9F01-FE400DAF96FE}.Ad-Hoc|x64.ActiveCfg = Release|x64
		{1E1ABFD2-AFF6-4AED-9F01-FE400DAF96FE}.Ad-Hoc|x64.Build.0 = Release|x64
		{1E1ABFD2-AFF6-4AED-9F01-FE400DAF96FE}.Ad-Hoc|x64.Deploy.0 = Release|x64
		{1E1ABFD2-AFF6-4AED-9F01-FE400DAF96FE}.Ad-Hoc|x86.ActiveCfg = Release|x86
		{1E1ABFD2-AFF6-4AED-9F01-FE400DAF96FE}.Ad-Hoc|x86.Build.0 = Release|x86
		{1E1ABFD2-AFF6-4AED-9F01-FE400DAF96FE}.Ad-Hoc|x86.Deploy.0 = Release|x86
		{1E1ABFD2-AFF6-4AED-9F01-FE400DAF96FE}.AppStore|Any CPU.ActiveCfg = Release|x86
		{1E1ABFD2-AFF6-4AED-9F01-FE400DAF96FE}.AppStore|Any CPU.Build.0 = Release|x86
		{1E1ABFD2-AFF6-4AED-9F01-FE400DAF96FE}.AppStore|Any CPU.Deploy.0 = Release|x86
		{1E1ABFD2-AFF6-4AED-9F01-FE400DAF96FE}.AppStore|ARM.ActiveCfg = Release|ARM
		{1E1ABFD2-AFF6-4AED-9F01-FE400DAF96FE}.AppStore|ARM.Build.0 = Release|ARM
		{1E1ABFD2-AFF6-4AED-9F01-FE400DAF96FE}.AppStore|ARM.Deploy.0 = Release|ARM
		{1E1ABFD2-AFF6-4AED-9F01-FE400DAF96FE}.AppStore|iPhone.ActiveCfg = Release|x86
		{1E1ABFD2-AFF6-4AED-9F01-FE400DAF96FE}.AppStore|iPhone.Build.0 = Release|x86
		{1E1ABFD2-AFF6-4AED-9F01-FE400DAF96FE}.AppStore|iPhone.Deploy.0 = Release|x86
		{1E1ABFD2-AFF6-4AED-9F01-FE400DAF96FE}.AppStore|iPhoneSimulator.ActiveCfg = Release|x86
		{1E1ABFD2-AFF6-4AED-9F01-FE400DAF96FE}.AppStore|iPhoneSimulator.Build.0 = Release|x86
		{1E1ABFD2-AFF6-4AED-9F01-FE400DAF96FE}.AppStore|iPhoneSimulator.Deploy.0 = Release|x86
		{1E1ABFD2-AFF6-4AED-9F01-FE400DAF96FE}.AppStore|x64.ActiveCfg = Release|x64
		{1E1ABFD2-AFF6-4AED-9F01-FE400DAF96FE}.AppStore|x64.Build.0 = Release|x64
		{1E1ABFD2-AFF6-4AED-9F01-FE400DAF96FE}.AppStore|x64.Deploy.0 = Release|x64
		{1E1ABFD2-AFF6-4AED-9F01-FE400DAF96FE}.AppStore|x86.ActiveCfg = Release|x86
		{1E1ABFD2-AFF6-4AED-9F01-FE400DAF96FE}.AppStore|x86.Build.0 = Release|x86
		{1E1ABFD2-AFF6-4AED-9F01-FE400DAF96FE}.AppStore|x86.Deploy.0 = Release|x86
		{1E1ABFD2-AFF6-4AED-9F01-FE400DAF96FE}.Debug|Any CPU.ActiveCfg = Debug|x86
		{1E1ABFD2-AFF6-4AED-9F01-FE400DAF96FE}.Debug|ARM.ActiveCfg = Debug|ARM
		{1E1ABFD2-AFF6-4AED-9F01-FE400DAF96FE}.Debug|ARM.Build.0 = Debug|ARM
		{1E1ABFD2-AFF6-4AED-9F01-FE400DAF96FE}.Debug|ARM.Deploy.0 = Debug|ARM
		{1E1ABFD2-AFF6-4AED-9F01-FE400DAF96FE}.Debug|iPhone.ActiveCfg = Debug|x86
		{1E1ABFD2-AFF6-4AED-9F01-FE400DAF96FE}.Debug|iPhoneSimulator.ActiveCfg = Debug|x86
		{1E1ABFD2-AFF6-4AED-9F01-FE400DAF96FE}.Debug|x64.ActiveCfg = Debug|x64
		{1E1ABFD2-AFF6-4AED-9F01-FE400DAF96FE}.Debug|x64.Build.0 = Debug|x64
		{1E1ABFD2-AFF6-4AED-9F01-FE400DAF96FE}.Debug|x64.Deploy.0 = Debug|x64
		{1E1ABFD2-AFF6-4AED-9F01-FE400DAF96FE}.Debug|x86.ActiveCfg = Debug|x86
		{1E1ABFD2-AFF6-4AED-9F01-FE400DAF96FE}.Debug|x86.Build.0 = Debug|x86
		{1E1ABFD2-AFF6-4AED-9F01-FE400DAF96FE}.Debug|x86.Deploy.0 = Debug|x86
		{1E1ABFD2-AFF6-4AED-9F01-FE400DAF96FE}.Release|Any CPU.ActiveCfg = Release|x86
		{1E1ABFD2-AFF6-4AED-9F01-FE400DAF96FE}.Release|ARM.ActiveCfg = Release|ARM
		{1E1ABFD2-AFF6-4AED-9F01-FE400DAF96FE}.Release|ARM.Build.0 = Release|ARM
		{1E1ABFD2-AFF6-4AED-9F01-FE400DAF96FE}.Release|ARM.Deploy.0 = Release|ARM
		{1E1ABFD2-AFF6-4AED-9F01-FE400DAF96FE}.Release|iPhone.ActiveCfg = Release|x86
		{1E1ABFD2-AFF6-4AED-9F01-FE400DAF96FE}.Release|iPhoneSimulator.ActiveCfg = Release|x86
		{1E1ABFD2-AFF6-4AED-9F01-FE400DAF96FE}.Release|x64.ActiveCfg = Release|x64
		{1E1ABFD2-AFF6-4AED-9F01-FE400DAF96FE}.Release|x64.Build.0 = Release|x64
		{1E1ABFD2-AFF6-4AED-9F01-FE400DAF96FE}.Release|x64.Deploy.0 = Release|x64
		{1E1ABFD2-AFF6-4AED-9F01-FE400DAF96FE}.Release|x86.ActiveCfg = Release|x86
		{1E1ABFD2-AFF6-4AED-9F01-FE400DAF96FE}.Release|x86.Build.0 = Release|x86
		{1E1ABFD2-AFF6-4AED-9F01-FE400DAF96FE}.Release|x86.Deploy.0 = Release|x86
		{B137C2E5-F255-4E69-A9B9-57069984FE4E}.Ad-Hoc|Any CPU.ActiveCfg = Release|Any CPU
		{B137C2E5-F255-4E69-A9B9-57069984FE4E}.Ad-Hoc|Any CPU.Build.0 = Release|Any CPU
		{B137C2E5-F255-4E69-A9B9-57069984FE4E}.Ad-Hoc|Any CPU.Deploy.0 = Release|Any CPU
		{B137C2E5-F255-4E69-A9B9-57069984FE4E}.Ad-Hoc|ARM.ActiveCfg = Release|ARM
		{B137C2E5-F255-4E69-A9B9-57069984FE4E}.Ad-Hoc|ARM.Build.0 = Release|ARM
		{B137C2E5-F255-4E69-A9B9-57069984FE4E}.Ad-Hoc|ARM.Deploy.0 = Release|ARM
		{B137C2E5-F255-4E69-A9B9-57069984FE4E}.Ad-Hoc|iPhone.ActiveCfg = Release|Any CPU
		{B137C2E5-F255-4E69-A9B9-57069984FE4E}.Ad-Hoc|iPhone.Build.0 = Release|Any CPU
		{B137C2E5-F255-4E69-A9B9-57069984FE4E}.Ad-Hoc|iPhone.Deploy.0 = Release|Any CPU
		{B137C2E5-F255-4E69-A9B9-57069984FE4E}.Ad-Hoc|iPhoneSimulator.ActiveCfg = Release|Any CPU
		{B137C2E5-F255-4E69-A9B9-57069984FE4E}.Ad-Hoc|iPhoneSimulator.Build.0 = Release|Any CPU
		{B137C2E5-F255-4E69-A9B9-57069984FE4E}.Ad-Hoc|iPhoneSimulator.Deploy.0 = Release|Any CPU
		{B137C2E5-F255-4E69-A9B9-57069984FE4E}.Ad-Hoc|x64.ActiveCfg = Release|x64
		{B137C2E5-F255-4E69-A9B9-57069984FE4E}.Ad-Hoc|x64.Build.0 = Release|x64
		{B137C2E5-F255-4E69-A9B9-57069984FE4E}.Ad-Hoc|x64.Deploy.0 = Release|x64
		{B137C2E5-F255-4E69-A9B9-57069984FE4E}.Ad-Hoc|x86.ActiveCfg = Release|x86
		{B137C2E5-F255-4E69-A9B9-57069984FE4E}.Ad-Hoc|x86.Build.0 = Release|x86
		{B137C2E5-F255-4E69-A9B9-57069984FE4E}.Ad-Hoc|x86.Deploy.0 = Release|x86
		{B137C2E5-F255-4E69-A9B9-57069984FE4E}.AppStore|Any CPU.ActiveCfg = Release|Any CPU
		{B137C2E5-F255-4E69-A9B9-57069984FE4E}.AppStore|Any CPU.Build.0 = Release|Any CPU
		{B137C2E5-F255-4E69-A9B9-57069984FE4E}.AppStore|Any CPU.Deploy.0 = Release|Any CPU
		{B137C2E5-F255-4E69-A9B9-57069984FE4E}.AppStore|ARM.ActiveCfg = Release|ARM
		{B137C2E5-F255-4E69-A9B9-57069984FE4E}.AppStore|ARM.Build.0 = Release|ARM
		{B137C2E5-F255-4E69-A9B9-57069984FE4E}.AppStore|ARM.Deploy.0 = Release|ARM
		{B137C2E5-F255-4E69-A9B9-57069984FE4E}.AppStore|iPhone.ActiveCfg = Release|Any CPU
		{B137C2E5-F255-4E69-A9B9-57069984FE4E}.AppStore|iPhone.Build.0 = Release|Any CPU
		{B137C2E5-F255-4E69-A9B9-57069984FE4E}.AppStore|iPhone.Deploy.0 = Release|Any CPU
		{B137C2E5-F255-4E69-A9B9-57069984FE4E}.AppStore|iPhoneSimulator.ActiveCfg = Release|Any CPU
		{B137C2E5-F255-4E69-A9B9-57069984FE4E}.AppStore|iPhoneSimulator.Build.0 = Release|Any CPU
		{B137C2E5-F255-4E69-A9B9-57069984FE4E}.AppStore|iPhoneSimulator.Deploy.0 = Release|Any CPU
		{B137C2E5-F255-4E69-A9B9-57069984FE4E}.AppStore|x64.ActiveCfg = Release|x64
		{B137C2E5-F255-4E69-A9B9-57069984FE4E}.AppStore|x64.Build.0 = Release|x64
		{B137C2E5-F255-4E69-A9B9-57069984FE4E}.AppStore|x64.Deploy.0 = Release|x64
		{B137C2E5-F255-4E69-A9B9-57069984FE4E}.AppStore|x86.ActiveCfg = Release|x86
		{B137C2E5-F255-4E69-A9B9-57069984FE4E}.AppStore|x86.Build.0 = Release|x86
		{B137C2E5-F255-4E69-A9B9-57069984FE4E}.AppStore|x86.Deploy.0 = Release|x86
		{B137C2E5-F255-4E69-A9B9-57069984FE4E}.Debug|Any CPU.ActiveCfg = Debug|Any CPU
		{B137C2E5-F255-4E69-A9B9-57069984FE4E}.Debug|Any CPU.Build.0 = Debug|Any CPU
		{B137C2E5-F255-4E69-A9B9-57069984FE4E}.Debug|Any CPU.Deploy.0 = Debug|Any CPU
		{B137C2E5-F255-4E69-A9B9-57069984FE4E}.Debug|ARM.ActiveCfg = Debug|ARM
		{B137C2E5-F255-4E69-A9B9-57069984FE4E}.Debug|ARM.Build.0 = Debug|ARM
		{B137C2E5-F255-4E69-A9B9-57069984FE4E}.Debug|ARM.Deploy.0 = Debug|ARM
		{B137C2E5-F255-4E69-A9B9-57069984FE4E}.Debug|iPhone.ActiveCfg = Debug|Any CPU
		{B137C2E5-F255-4E69-A9B9-57069984FE4E}.Debug|iPhone.Build.0 = Debug|Any CPU
		{B137C2E5-F255-4E69-A9B9-57069984FE4E}.Debug|iPhone.Deploy.0 = Debug|Any CPU
		{B137C2E5-F255-4E69-A9B9-57069984FE4E}.Debug|iPhoneSimulator.ActiveCfg = Debug|Any CPU
		{B137C2E5-F255-4E69-A9B9-57069984FE4E}.Debug|iPhoneSimulator.Build.0 = Debug|Any CPU
		{B137C2E5-F255-4E69-A9B9-57069984FE4E}.Debug|iPhoneSimulator.Deploy.0 = Debug|Any CPU
		{B137C2E5-F255-4E69-A9B9-57069984FE4E}.Debug|x64.ActiveCfg = Debug|x64
		{B137C2E5-F255-4E69-A9B9-57069984FE4E}.Debug|x64.Build.0 = Debug|x64
		{B137C2E5-F255-4E69-A9B9-57069984FE4E}.Debug|x64.Deploy.0 = Debug|x64
		{B137C2E5-F255-4E69-A9B9-57069984FE4E}.Debug|x86.ActiveCfg = Debug|x86
		{B137C2E5-F255-4E69-A9B9-57069984FE4E}.Debug|x86.Build.0 = Debug|x86
		{B137C2E5-F255-4E69-A9B9-57069984FE4E}.Debug|x86.Deploy.0 = Debug|x86
		{B137C2E5-F255-4E69-A9B9-57069984FE4E}.Release|Any CPU.ActiveCfg = Release|Any CPU
		{B137C2E5-F255-4E69-A9B9-57069984FE4E}.Release|Any CPU.Build.0 = Release|Any CPU
		{B137C2E5-F255-4E69-A9B9-57069984FE4E}.Release|Any CPU.Deploy.0 = Release|Any CPU
		{B137C2E5-F255-4E69-A9B9-57069984FE4E}.Release|ARM.ActiveCfg = Release|ARM
		{B137C2E5-F255-4E69-A9B9-57069984FE4E}.Release|ARM.Build.0 = Release|ARM
		{B137C2E5-F255-4E69-A9B9-57069984FE4E}.Release|ARM.Deploy.0 = Release|ARM
		{B137C2E5-F255-4E69-A9B9-57069984FE4E}.Release|iPhone.ActiveCfg = Release|Any CPU
		{B137C2E5-F255-4E69-A9B9-57069984FE4E}.Release|iPhone.Build.0 = Release|Any CPU
		{B137C2E5-F255-4E69-A9B9-57069984FE4E}.Release|iPhone.Deploy.0 = Release|Any CPU
		{B137C2E5-F255-4E69-A9B9-57069984FE4E}.Release|iPhoneSimulator.ActiveCfg = Release|Any CPU
		{B137C2E5-F255-4E69-A9B9-57069984FE4E}.Release|iPhoneSimulator.Build.0 = Release|Any CPU
		{B137C2E5-F255-4E69-A9B9-57069984FE4E}.Release|iPhoneSimulator.Deploy.0 = Release|Any CPU
		{B137C2E5-F255-4E69-A9B9-57069984FE4E}.Release|x64.ActiveCfg = Release|x64
		{B137C2E5-F255-4E69-A9B9-57069984FE4E}.Release|x64.Build.0 = Release|x64
		{B137C2E5-F255-4E69-A9B9-57069984FE4E}.Release|x64.Deploy.0 = Release|x64
		{B137C2E5-F255-4E69-A9B9-57069984FE4E}.Release|x86.ActiveCfg = Release|x86
		{B137C2E5-F255-4E69-A9B9-57069984FE4E}.Release|x86.Build.0 = Release|x86
		{B137C2E5-F255-4E69-A9B9-57069984FE4E}.Release|x86.Deploy.0 = Release|x86
	EndGlobalSection
	GlobalSection(SolutionProperties) = preSolution
		HideSolutionNode = FALSE
	EndGlobalSection
EndGlobal
